github.com/torikallcode/module-helloWorld v1.0.0 h1:VynxPxyCcCgWn04Vhj3APzydkmsyW5C1Un2KMeIO9ao=
github.com/torikallcode/module-helloWorld v1.0.0/go.mod h1:JINYNffadBsnqTnCXOuHA/OmtG2QMt+E82Bi6Ryoqa0=
github.com/torikallcode/module-helloWorld v1.0.1 h1:3h4tGxp9QO/rZ0qjn5vPG+5tNdEizCSrIc9QazpBBFw=
github.com/torikallcode/module-helloWorld v1.0.1/go.mod h1:JINYNffadBsnqTnCXOuHA/OmtG2QMt+E82Bi6Ryoqa0=
github.com/torikallcode/module-helloWorld/v2 v2.0.0 h1:Z/zuMPDaFhaoBYVJ2b2qwZ3ZKosAWlF9MIs8WC52gN0=
github.com/torikallcode/module-helloWorld/v2 v2.0.0/go.mod h1:KabV80VJtfKNESssZtn5GjICY8Il4j+ahczFILPWFQU=
